
Microsoft Visual Studio Solution File, Format Version 12.00
# Visual Studio 15
VisualStudioVersion = 15.0.26403.7
MinimumVisualStudioVersion = 10.0.40219.1
Project("{FAE04EC0-301F-11D3-BF4B-00C04F79EFBC}") = "TennisWithMe-WebApi", "TennisWithMe-WebApi\TennisWithMe-WebApi.csproj", "{CDBCA5A4-DACE-449D-B8D0-8EAA23F9F44C}"
EndProject
Project("{FAE04EC0-301F-11D3-BF4B-00C04F79EFBC}") = "TennisWithMe-WebApi.Tests", "TennisWithMe-WebApi.Tests\TennisWithMe-WebApi.Tests.csproj", "{65936605-6420-4706-8508-697E9C42C3E7}"
EndProject
Global
	GlobalSection(SolutionConfigurationPlatforms) = preSolution
		Debug|Any CPU = Debug|Any CPU
		Release|Any CPU = Release|Any CPU
	EndGlobalSection
	GlobalSection(ProjectConfigurationPlatforms) = postSolution
		{CDBCA5A4-DACE-449D-B8D0-8EAA23F9F44C}.Debug|Any CPU.ActiveCfg = Debug|Any CPU
		{CDBCA5A4-DACE-449D-B8D0-8EAA23F9F44C}.Debug|Any CPU.Build.0 = Debug|Any CPU
		{CDBCA5A4-DACE-449D-B8D0-8EAA23F9F44C}.Release|Any CPU.ActiveCfg = Release|Any CPU
		{CDBCA5A4-DACE-449D-B8D0-8EAA23F9F44C}.Release|Any CPU.Build.0 = Release|Any CPU
		{65936605-6420-4706-8508-697E9C42C3E7}.Debug|Any CPU.ActiveCfg = Debug|Any CPU
		{65936605-6420-4706-8508-697E9C42C3E7}.Debug|Any CPU.Build.0 = Debug|Any CPU
		{65936605-6420-4706-8508-697E9C42C3E7}.Release|Any CPU.ActiveCfg = Release|Any CPU
		{65936605-6420-4706-8508-697E9C42C3E7}.Release|Any CPU.Build.0 = Release|Any CPU
	EndGlobalSection
	GlobalSection(SolutionProperties) = preSolution
		HideSolutionNode = FALSE
	EndGlobalSection
EndGlobal
